
Microsoft Visual Studio Solution File, Format Version 12.00
# Visual Studio 14
VisualStudioVersion = 14.0.25420.1
MinimumVisualStudioVersion = 10.0.40219.1
Project("{2150E333-8FDC-42A3-9474-1A3956D46DE8}") = "Tests", "Tests", "{E33E7DE5-4033-4B46-9D54-6A5A2ECFED5A}"
EndProject
Project("{2150E333-8FDC-42A3-9474-1A3956D46DE8}") = "Modules", "Modules", "{4D9278CB-49B9-4A45-95AB-6F008605C185}"
EndProject
Project("{2150E333-8FDC-42A3-9474-1A3956D46DE8}") = "Themes", "Themes", "{E921488A-FA5D-4C5F-92CC-6D38F8D3A78D}"
EndProject
Project("{FAE04EC0-301F-11D3-BF4B-00C04F79EFBC}") = "Maple", "Maple\Maple.csproj", "{A5487DC7-0BEF-4F34-99C6-79BA1E1A0A17}"
EndProject
Global
	GlobalSection(SolutionConfigurationPlatforms) = preSolution
		Debug|Any CPU = Debug|Any CPU
		Release|Any CPU = Release|Any CPU
	EndGlobalSection
	GlobalSection(ProjectConfigurationPlatforms) = postSolution
		{A5487DC7-0BEF-4F34-99C6-79BA1E1A0A17}.Debug|Any CPU.ActiveCfg = Debug|Any CPU
		{A5487DC7-0BEF-4F34-99C6-79BA1E1A0A17}.Debug|Any CPU.Build.0 = Debug|Any CPU
		{A5487DC7-0BEF-4F34-99C6-79BA1E1A0A17}.Release|Any CPU.ActiveCfg = Release|Any CPU
		{A5487DC7-0BEF-4F34-99C6-79BA1E1A0A17}.Release|Any CPU.Build.0 = Release|Any CPU
	EndGlobalSection
	GlobalSection(SolutionProperties) = preSolution
		HideSolutionNode = FALSE
	EndGlobalSection
EndGlobal
