
Microsoft Visual Studio Solution File, Format Version 12.00
# Visual Studio 14
VisualStudioVersion = 14.0.25420.1
MinimumVisualStudioVersion = 10.0.40219.1
Project("{2150E333-8FDC-42A3-9474-1A3956D46DE8}") = "Tests", "Tests", "{E33E7DE5-4033-4B46-9D54-6A5A2ECFED5A}"
EndProject
Project("{2150E333-8FDC-42A3-9474-1A3956D46DE8}") = "Modules", "Modules", "{4D9278CB-49B9-4A45-95AB-6F008605C185}"
EndProject
Project("{FAE04EC0-301F-11D3-BF4B-00C04F79EFBC}") = "Maple", "Maple\Maple.csproj", "{A5487DC7-0BEF-4F34-99C6-79BA1E1A0A17}"
EndProject
Project("{FAE04EC0-301F-11D3-BF4B-00C04F79EFBC}") = "Maple.Web", "Maple.Web\Maple.Web.csproj", "{51E2E97A-15F9-48AB-80B3-06B950B1C13A}"
EndProject
Project("{FAE04EC0-301F-11D3-BF4B-00C04F79EFBC}") = "Maple.Web.App", "Maple.Web.App\Maple.Web.App.csproj", "{F271C268-D0EE-491B-B045-4CF4F92A79FF}"
EndProject
Project("{FAE04EC0-301F-11D3-BF4B-00C04F79EFBC}") = "Themes", "Maple.Web.App\Themes\Themes.csproj", "{DB6075F9-7CFE-436E-8163-9A376DBF5E18}"
EndProject
Project("{FAE04EC0-301F-11D3-BF4B-00C04F79EFBC}") = "Maple.Web.Core", "Maple.Web.App\Core\Maple.Web.Core.csproj", "{F9B24163-C655-43A0-9FF2-AB9FCEFEEF86}"
EndProject
Global
	GlobalSection(SolutionConfigurationPlatforms) = preSolution
		Debug|Any CPU = Debug|Any CPU
		Release|Any CPU = Release|Any CPU
	EndGlobalSection
	GlobalSection(ProjectConfigurationPlatforms) = postSolution
		{A5487DC7-0BEF-4F34-99C6-79BA1E1A0A17}.Debug|Any CPU.ActiveCfg = Debug|Any CPU
		{A5487DC7-0BEF-4F34-99C6-79BA1E1A0A17}.Debug|Any CPU.Build.0 = Debug|Any CPU
		{A5487DC7-0BEF-4F34-99C6-79BA1E1A0A17}.Release|Any CPU.ActiveCfg = Release|Any CPU
		{A5487DC7-0BEF-4F34-99C6-79BA1E1A0A17}.Release|Any CPU.Build.0 = Release|Any CPU
		{51E2E97A-15F9-48AB-80B3-06B950B1C13A}.Debug|Any CPU.ActiveCfg = Debug|Any CPU
		{51E2E97A-15F9-48AB-80B3-06B950B1C13A}.Debug|Any CPU.Build.0 = Debug|Any CPU
		{51E2E97A-15F9-48AB-80B3-06B950B1C13A}.Release|Any CPU.ActiveCfg = Release|Any CPU
		{51E2E97A-15F9-48AB-80B3-06B950B1C13A}.Release|Any CPU.Build.0 = Release|Any CPU
		{F271C268-D0EE-491B-B045-4CF4F92A79FF}.Debug|Any CPU.ActiveCfg = Debug|Any CPU
		{F271C268-D0EE-491B-B045-4CF4F92A79FF}.Debug|Any CPU.Build.0 = Debug|Any CPU
		{F271C268-D0EE-491B-B045-4CF4F92A79FF}.Release|Any CPU.ActiveCfg = Release|Any CPU
		{F271C268-D0EE-491B-B045-4CF4F92A79FF}.Release|Any CPU.Build.0 = Release|Any CPU
		{DB6075F9-7CFE-436E-8163-9A376DBF5E18}.Debug|Any CPU.ActiveCfg = Debug|Any CPU
		{DB6075F9-7CFE-436E-8163-9A376DBF5E18}.Debug|Any CPU.Build.0 = Debug|Any CPU
		{DB6075F9-7CFE-436E-8163-9A376DBF5E18}.Release|Any CPU.ActiveCfg = Release|Any CPU
		{DB6075F9-7CFE-436E-8163-9A376DBF5E18}.Release|Any CPU.Build.0 = Release|Any CPU
		{F9B24163-C655-43A0-9FF2-AB9FCEFEEF86}.Debug|Any CPU.ActiveCfg = Debug|Any CPU
		{F9B24163-C655-43A0-9FF2-AB9FCEFEEF86}.Debug|Any CPU.Build.0 = Debug|Any CPU
		{F9B24163-C655-43A0-9FF2-AB9FCEFEEF86}.Release|Any CPU.ActiveCfg = Release|Any CPU
		{F9B24163-C655-43A0-9FF2-AB9FCEFEEF86}.Release|Any CPU.Build.0 = Release|Any CPU
	EndGlobalSection
	GlobalSection(SolutionProperties) = preSolution
		HideSolutionNode = FALSE
	EndGlobalSection
EndGlobal
